
Microsoft Visual Studio Solution File, Format Version 9.00
# Visual C# Express 2005
Project("{FAE04EC0-301F-11D3-BF4B-00C04F79EFBC}") = "VELoader", "VELoader.csproj", "{9CC81C89-6E68-4062-BC04-14BC77765799}"
EndProject
Global
	GlobalSection(SolutionConfigurationPlatforms) = preSolution
		Debug|Any CPU = Debug|Any CPU
		Release|Any CPU = Release|Any CPU
	EndGlobalSection
	GlobalSection(ProjectConfigurationPlatforms) = postSolution
		{9CC81C89-6E68-4062-BC04-14BC77765799}.Debug|Any CPU.ActiveCfg = Debug|Any CPU
		{9CC81C89-6E68-4062-BC04-14BC77765799}.Debug|Any CPU.Build.0 = Debug|Any CPU
		{9CC81C89-6E68-4062-BC04-14BC77765799}.Release|Any CPU.ActiveCfg = Release|Any CPU
		{9CC81C89-6E68-4062-BC04-14BC77765799}.Release|Any CPU.Build.0 = Release|Any CPU
	EndGlobalSection
	GlobalSection(SolutionProperties) = preSolution
		HideSolutionNode = FALSE
	EndGlobalSection
EndGlobal
